
Microsoft Visual Studio Solution File, Format Version 12.00
# Visual Studio Version 17
VisualStudioVersion = 17.7.34221.43
MinimumVisualStudioVersion = 10.0.40219.1
Project("{9A19103F-16F7-4668-BE54-9A1E7A4F7556}") = "BlazerServerCoaching", "BlazerServerCoaching.csproj", "{44A2C2D3-DD1E-46AC-8A1D-DE46AB94AEB8}"
EndProject
Global
	GlobalSection(SolutionConfigurationPlatforms) = preSolution
		Debug|Any CPU = Debug|Any CPU
		Release|Any CPU = Release|Any CPU
	EndGlobalSection
	GlobalSection(ProjectConfigurationPlatforms) = postSolution
		{44A2C2D3-DD1E-46AC-8A1D-DE46AB94AEB8}.Debug|Any CPU.ActiveCfg = Debug|Any CPU
		{44A2C2D3-DD1E-46AC-8A1D-DE46AB94AEB8}.Debug|Any CPU.Build.0 = Debug|Any CPU
		{44A2C2D3-DD1E-46AC-8A1D-DE46AB94AEB8}.Release|Any CPU.ActiveCfg = Release|Any CPU
		{44A2C2D3-DD1E-46AC-8A1D-DE46AB94AEB8}.Release|Any CPU.Build.0 = Release|Any CPU
	EndGlobalSection
	GlobalSection(SolutionProperties) = preSolution
		HideSolutionNode = FALSE
	EndGlobalSection
	GlobalSection(ExtensibilityGlobals) = postSolution
		SolutionGuid = {1254CCEE-76F2-4C66-9982-A2455F5BD55D}
	EndGlobalSection
EndGlobal
